
Microsoft Visual Studio Solution File, Format Version 12.00
# Visual Studio Version 17
VisualStudioVersion = 17.8.34330.188
MinimumVisualStudioVersion = 10.0.40219.1
Project("{FAE04EC0-301F-11D3-BF4B-00C04F79EFBC}") = "gestionesAEAT", "gestionesAEAT\gestionesAEAT.csproj", "{BB9ADA98-C6A0-4818-B199-B2D3D6928447}"
EndProject
Global
	GlobalSection(SolutionConfigurationPlatforms) = preSolution
		Debug|Any CPU = Debug|Any CPU
		Release|Any CPU = Release|Any CPU
	EndGlobalSection
	GlobalSection(ProjectConfigurationPlatforms) = postSolution
		{BB9ADA98-C6A0-4818-B199-B2D3D6928447}.Debug|Any CPU.ActiveCfg = Debug|Any CPU
		{BB9ADA98-C6A0-4818-B199-B2D3D6928447}.Debug|Any CPU.Build.0 = Debug|Any CPU
		{BB9ADA98-C6A0-4818-B199-B2D3D6928447}.Release|Any CPU.ActiveCfg = Release|Any CPU
		{BB9ADA98-C6A0-4818-B199-B2D3D6928447}.Release|Any CPU.Build.0 = Release|Any CPU
	EndGlobalSection
	GlobalSection(SolutionProperties) = preSolution
		HideSolutionNode = FALSE
	EndGlobalSection
	GlobalSection(ExtensibilityGlobals) = postSolution
		SolutionGuid = {16FCC36C-3AA3-485F-B81D-95D6977D15A3}
	EndGlobalSection
EndGlobal
